// !$*UTF8*$!
{
	archiveVersion = 1;
	classes = {
	};
	objectVersion = 46;
	objects = {
/* Begin PBXBuildFile section */
		517DDD8F1B611B7A001C8A19 /* MobileCoreServices.framework in Frameworks */ = {isa = PBXBuildFile; fileRef = 517DDD8E1B611B7A001C8A19 /* MobileCoreServices.framework */; };
		858B83F318CA22B800AB12DE /* main.m in Sources */ = {isa = PBXBuildFile; fileRef = 858B833D18CA111C00AB12DE /* main.m */; };
		858B842918CA22B800AB12DE /* Foundation.framework in Frameworks */ = {isa = PBXBuildFile; fileRef = 858B833118CA111C00AB12DE /* Foundation.framework */; settings = {ATTRIBUTES = (Weak, ); }; };
		858B842A18CA22B800AB12DE /* UIKit.framework in Frameworks */ = {isa = PBXBuildFile; fileRef = 858B833518CA111C00AB12DE /* UIKit.framework */; settings = {ATTRIBUTES = (Weak, ); }; };
		858B842D18CA22B800AB12DE /* InfoPlist.strings in Resources */ = {isa = PBXBuildFile; fileRef = 858B833A18CA111C00AB12DE /* InfoPlist.strings */; };
		CD1343101AF8E03800D3B65B /* libNativeScript.a in Frameworks */ = {isa = PBXBuildFile; fileRef = CD13430F1AF8E03800D3B65B /* libNativeScript.a */; };
		CD45EE7C18DC2D5800FB50C0 /* app in Resources */ = {isa = PBXBuildFile; fileRef = CD45EE7A18DC2D5800FB50C0 /* app */; };
		F9161D911993C00300F9E5FD /* libc++.dylib in Frameworks */ = {isa = PBXBuildFile; fileRef = F9161D901993C00300F9E5FD /* libc++.dylib */; };
		F9161D931993C00B00F9E5FD /* libz.dylib in Frameworks */ = {isa = PBXBuildFile; fileRef = F9161D921993C00B00F9E5FD /* libz.dylib */; };
		F9161D951993C01600F9E5FD /* libicucore.dylib in Frameworks */ = {isa = PBXBuildFile; fileRef = F9161D941993C01600F9E5FD /* libicucore.dylib */; };
		F9B8C6A41ACEDEEB00547416 /* LaunchScreen.xib in Resources */ = {isa = PBXBuildFile; fileRef = F9B8C6A21ACEDEEB00547416 /* LaunchScreen.xib */; };
		EE5D0543E4654856BCD2E5FE /* Default-568h@2x.png in Resources */ = {isa = PBXBuildFile; fileRef = 4B3A4BE8BA6646B0B2101C9C /* Default-568h@2x.png */; };
		B63BF45CFDBD4B34928E53E3 /* Default-Landscape.png in Resources */ = {isa = PBXBuildFile; fileRef = 46BBD4ECB3174E71BC6E43E1 /* Default-Landscape.png */; };
		83EAB921DF76449EB23553F4 /* Default-Landscape@2x.png in Resources */ = {isa = PBXBuildFile; fileRef = 8B32D64F1C2542C388F94B88 /* Default-Landscape@2x.png */; };
		B4C7C22126C64B6E9F00D9EC /* Default-Portrait.png in Resources */ = {isa = PBXBuildFile; fileRef = 5883C1296706412FB7D8B1BF /* Default-Portrait.png */; };
		7C96A297826845B281EBE30E /* Default-Portrait@2x.png in Resources */ = {isa = PBXBuildFile; fileRef = A2D730666CB14224968ACF2A /* Default-Portrait@2x.png */; };
		DC7E50A7130E49FBBECAAAC4 /* Default.png in Resources */ = {isa = PBXBuildFile; fileRef = CC6ECAE4894546B4B7128229 /* Default.png */; };
		BACB2F9B903540658098417B /* Default@2x.png in Resources */ = {isa = PBXBuildFile; fileRef = F54CB32DD26645CA80537D08 /* Default@2x.png */; };
		213B61C501F34DCB8474498F /* Icon-Small-50.png in Resources */ = {isa = PBXBuildFile; fileRef = 44E1997594A74DDE981ADDD4 /* Icon-Small-50.png */; };
		D47DA9FADAF44B83ABDA9B28 /* Icon-Small-50@2x.png in Resources */ = {isa = PBXBuildFile; fileRef = 7D150C71B04E49CEB6DDF2F8 /* Icon-Small-50@2x.png */; };
		AEB8C513938D4630AFEE261E /* Icon-Small.png in Resources */ = {isa = PBXBuildFile; fileRef = C92E49AC443E46A5A65FFF27 /* Icon-Small.png */; };
		F06E3D22074D4A01B2DB414D /* Icon-Small@2x.png in Resources */ = {isa = PBXBuildFile; fileRef = 3DB5253763EB41B3A2E8E1BB /* Icon-Small@2x.png */; };
		FC12CCFAFAEA48A3BA89984A /* icon-40.png in Resources */ = {isa = PBXBuildFile; fileRef = BDE5FE5AC5AB4A659CD5EEAA /* icon-40.png */; };
		2E1442B652E64C369D1C9DF4 /* icon-40@2x.png in Resources */ = {isa = PBXBuildFile; fileRef = 5C41ACC40D33465B853E5685 /* icon-40@2x.png */; };
		7EC844EBCD8C4BAFAD893FD3 /* icon-60.png in Resources */ = {isa = PBXBuildFile; fileRef = ED1FAD3603FE45BA886B7638 /* icon-60.png */; };
		0816B00FF91F4F4292244AAA /* icon-60@2x.png in Resources */ = {isa = PBXBuildFile; fileRef = 81549D8EF133483EA2DF48EA /* icon-60@2x.png */; };
		97B630B116A540DB9949568B /* icon-72.png in Resources */ = {isa = PBXBuildFile; fileRef = E8F15856498F47219C4531F7 /* icon-72.png */; };
		DCC2139D6EEA4AF88C335AD4 /* icon-72@2x.png in Resources */ = {isa = PBXBuildFile; fileRef = 1F37096A1BF44B3DB3D7CFE2 /* icon-72@2x.png */; };
		E6C808A163B34C64A1900826 /* icon-76.png in Resources */ = {isa = PBXBuildFile; fileRef = 8DCED266726346639B400F4D /* icon-76.png */; };
		91BA134EA2C84B368833C1F5 /* icon-76@2x.png in Resources */ = {isa = PBXBuildFile; fileRef = A0983F57A4A541E183B840B3 /* icon-76@2x.png */; };
		F71BBB81E2F14260B75C5F9E /* icon.png in Resources */ = {isa = PBXBuildFile; fileRef = 63D85D5D382547B5B19358D4 /* icon.png */; };
		0462068C738544B0AC3D4610 /* icon@2x.png in Resources */ = {isa = PBXBuildFile; fileRef = 2CED1FB9431549CC963B93A5 /* icon@2x.png */; };
/* End PBXBuildFile section */

/* Begin PBXCopyFilesBuildPhase section */
		85F5BDFC1A9363BE006B9701 /* Embed Frameworks */ = {
			isa = PBXCopyFilesBuildPhase;
			buildActionMask = 2147483647;
			dstPath = "";
			dstSubfolderSpec = 10;
			files = (
			);
			name = "Embed Frameworks";
			runOnlyForDeploymentPostprocessing = 0;
		};
/* End PBXCopyFilesBuildPhase section */

/* Begin PBXFileReference section */
		517DDD8E1B611B7A001C8A19 /* MobileCoreServices.framework */ = {isa = PBXFileReference; lastKnownFileType = wrapper.framework; name = MobileCoreServices.framework; path = System/Library/Frameworks/MobileCoreServices.framework; sourceTree = SDKROOT; };
		858B832E18CA111C00AB12DE /* ns.app */ = {isa = PBXFileReference; explicitFileType = wrapper.application; includeInIndex = 0; path = ns.app; sourceTree = BUILT_PRODUCTS_DIR; };
		858B833118CA111C00AB12DE /* Foundation.framework */ = {isa = PBXFileReference; lastKnownFileType = wrapper.framework; name = Foundation.framework; path = System/Library/Frameworks/Foundation.framework; sourceTree = SDKROOT; };
		858B833518CA111C00AB12DE /* UIKit.framework */ = {isa = PBXFileReference; lastKnownFileType = wrapper.framework; name = UIKit.framework; path = System/Library/Frameworks/UIKit.framework; sourceTree = SDKROOT; };
		858B833918CA111C00AB12DE /* ns-Info.plist */ = {isa = PBXFileReference; lastKnownFileType = text.plist.xml; path = "ns-Info.plist"; sourceTree = "<group>"; };
		858B833B18CA111C00AB12DE /* en */ = {isa = PBXFileReference; lastKnownFileType = text.plist.strings; name = en; path = en.lproj/InfoPlist.strings; sourceTree = "<group>"; };
		858B833D18CA111C00AB12DE /* main.m */ = {isa = PBXFileReference; lastKnownFileType = sourcecode.c.objc; path = main.m; sourceTree = "<group>"; };
		858B833F18CA111C00AB12DE /* ns-Prefix.pch */ = {isa = PBXFileReference; lastKnownFileType = sourcecode.c.h; path = "ns-Prefix.pch"; sourceTree = "<group>"; };
		858B843318CA22B800AB12DE /* ns.app */ = {isa = PBXFileReference; explicitFileType = wrapper.application; includeInIndex = 0; path = ns.app; sourceTree = BUILT_PRODUCTS_DIR; };
		CD13430F1AF8E03800D3B65B /* libNativeScript.a */ = {isa = PBXFileReference; lastKnownFileType = archive.ar; name = libNativeScript.a; path = "../../dist/package 2/framework/NativeScript/lib/libNativeScript.a"; sourceTree = "<group>"; };
		CD45EE7A18DC2D5800FB50C0 /* app */ = {isa = PBXFileReference; lastKnownFileType = folder; path = app; sourceTree = "<group>"; };
		F9161D901993C00300F9E5FD /* libc++.dylib */ = {isa = PBXFileReference; lastKnownFileType = "compiled.mach-o.dylib"; name = "libc++.dylib"; path = "usr/lib/libc++.dylib"; sourceTree = SDKROOT; };
		F9161D921993C00B00F9E5FD /* libz.dylib */ = {isa = PBXFileReference; lastKnownFileType = "compiled.mach-o.dylib"; name = libz.dylib; path = usr/lib/libz.dylib; sourceTree = SDKROOT; };
		F9161D941993C01600F9E5FD /* libicucore.dylib */ = {isa = PBXFileReference; lastKnownFileType = "compiled.mach-o.dylib"; name = libicucore.dylib; path = usr/lib/libicucore.dylib; sourceTree = SDKROOT; };
		F9B8C6A31ACEDEEB00547416 /* en */ = {isa = PBXFileReference; lastKnownFileType = file.xib; name = en; path = en.lproj/LaunchScreen.xib; sourceTree = "<group>"; };
		4B3A4BE8BA6646B0B2101C9C /* Default-568h@2x.png */ = {isa = PBXFileReference; lastKnownFileType = image.png; name = "Default-568h@2x.png"; path = "ns/Resources/Default-568h@2x.png"; sourceTree = "<group>"; };
		46BBD4ECB3174E71BC6E43E1 /* Default-Landscape.png */ = {isa = PBXFileReference; lastKnownFileType = image.png; name = "Default-Landscape.png"; path = "ns/Resources/Default-Landscape.png"; sourceTree = "<group>"; };
		8B32D64F1C2542C388F94B88 /* Default-Landscape@2x.png */ = {isa = PBXFileReference; lastKnownFileType = image.png; name = "Default-Landscape@2x.png"; path = "ns/Resources/Default-Landscape@2x.png"; sourceTree = "<group>"; };
		5883C1296706412FB7D8B1BF /* Default-Portrait.png */ = {isa = PBXFileReference; lastKnownFileType = image.png; name = "Default-Portrait.png"; path = "ns/Resources/Default-Portrait.png"; sourceTree = "<group>"; };
		A2D730666CB14224968ACF2A /* Default-Portrait@2x.png */ = {isa = PBXFileReference; lastKnownFileType = image.png; name = "Default-Portrait@2x.png"; path = "ns/Resources/Default-Portrait@2x.png"; sourceTree = "<group>"; };
		CC6ECAE4894546B4B7128229 /* Default.png */ = {isa = PBXFileReference; lastKnownFileType = image.png; name = Default.png; path = "ns/Resources/Default.png"; sourceTree = "<group>"; };
		F54CB32DD26645CA80537D08 /* Default@2x.png */ = {isa = PBXFileReference; lastKnownFileType = image.png; name = "Default@2x.png"; path = "ns/Resources/Default@2x.png"; sourceTree = "<group>"; };
		44E1997594A74DDE981ADDD4 /* Icon-Small-50.png */ = {isa = PBXFileReference; lastKnownFileType = image.png; name = "Icon-Small-50.png"; path = "ns/Resources/Icon-Small-50.png"; sourceTree = "<group>"; };
		7D150C71B04E49CEB6DDF2F8 /* Icon-Small-50@2x.png */ = {isa = PBXFileReference; lastKnownFileType = image.png; name = "Icon-Small-50@2x.png"; path = "ns/Resources/Icon-Small-50@2x.png"; sourceTree = "<group>"; };
		C92E49AC443E46A5A65FFF27 /* Icon-Small.png */ = {isa = PBXFileReference; lastKnownFileType = image.png; name = "Icon-Small.png"; path = "ns/Resources/Icon-Small.png"; sourceTree = "<group>"; };
		3DB5253763EB41B3A2E8E1BB /* Icon-Small@2x.png */ = {isa = PBXFileReference; lastKnownFileType = image.png; name = "Icon-Small@2x.png"; path = "ns/Resources/Icon-Small@2x.png"; sourceTree = "<group>"; };
		BDE5FE5AC5AB4A659CD5EEAA /* icon-40.png */ = {isa = PBXFileReference; lastKnownFileType = image.png; name = "icon-40.png"; path = "ns/Resources/icon-40.png"; sourceTree = "<group>"; };
		5C41ACC40D33465B853E5685 /* icon-40@2x.png */ = {isa = PBXFileReference; lastKnownFileType = image.png; name = "icon-40@2x.png"; path = "ns/Resources/icon-40@2x.png"; sourceTree = "<group>"; };
		ED1FAD3603FE45BA886B7638 /* icon-60.png */ = {isa = PBXFileReference; lastKnownFileType = image.png; name = "icon-60.png"; path = "ns/Resources/icon-60.png"; sourceTree = "<group>"; };
		81549D8EF133483EA2DF48EA /* icon-60@2x.png */ = {isa = PBXFileReference; lastKnownFileType = image.png; name = "icon-60@2x.png"; path = "ns/Resources/icon-60@2x.png"; sourceTree = "<group>"; };
		E8F15856498F47219C4531F7 /* icon-72.png */ = {isa = PBXFileReference; lastKnownFileType = image.png; name = "icon-72.png"; path = "ns/Resources/icon-72.png"; sourceTree = "<group>"; };
		1F37096A1BF44B3DB3D7CFE2 /* icon-72@2x.png */ = {isa = PBXFileReference; lastKnownFileType = image.png; name = "icon-72@2x.png"; path = "ns/Resources/icon-72@2x.png"; sourceTree = "<group>"; };
		8DCED266726346639B400F4D /* icon-76.png */ = {isa = PBXFileReference; lastKnownFileType = image.png; name = "icon-76.png"; path = "ns/Resources/icon-76.png"; sourceTree = "<group>"; };
		A0983F57A4A541E183B840B3 /* icon-76@2x.png */ = {isa = PBXFileReference; lastKnownFileType = image.png; name = "icon-76@2x.png"; path = "ns/Resources/icon-76@2x.png"; sourceTree = "<group>"; };
		63D85D5D382547B5B19358D4 /* icon.png */ = {isa = PBXFileReference; lastKnownFileType = image.png; name = icon.png; path = "ns/Resources/icon.png"; sourceTree = "<group>"; };
		2CED1FB9431549CC963B93A5 /* icon@2x.png */ = {isa = PBXFileReference; lastKnownFileType = image.png; name = "icon@2x.png"; path = "ns/Resources/icon@2x.png"; sourceTree = "<group>"; };
/* End PBXFileReference section */

/* Begin PBXFrameworksBuildPhase section */
		858B83F418CA22B800AB12DE /* Frameworks */ = {
			isa = PBXFrameworksBuildPhase;
			buildActionMask = 2147483647;
			files = (
				F9161D951993C01600F9E5FD /* libicucore.dylib in Frameworks */,
				F9161D931993C00B00F9E5FD /* libz.dylib in Frameworks */,
				F9161D911993C00300F9E5FD /* libc++.dylib in Frameworks */,
				858B842918CA22B800AB12DE /* Foundation.framework in Frameworks */,
				858B842A18CA22B800AB12DE /* UIKit.framework in Frameworks */,
				517DDD8F1B611B7A001C8A19 /* MobileCoreServices.framework in Frameworks */,
				CD1343101AF8E03800D3B65B /* libNativeScript.a in Frameworks */,
			);
			runOnlyForDeploymentPostprocessing = 0;
		};
/* End PBXFrameworksBuildPhase section */

/* Begin PBXGroup section */
		858B832518CA111C00AB12DE = {
			isa = PBXGroup;
			children = (
				E070579D1B39A9D000214BF1 /* Resources */,
				858B833718CA111C00AB12DE /* ns */,
				858B833018CA111C00AB12DE /* Frameworks */,
				858B832F18CA111C00AB12DE /* Products */,
			);
			sourceTree = "<group>";
		};
		858B832F18CA111C00AB12DE /* Products */ = {
			isa = PBXGroup;
			children = (
				858B832E18CA111C00AB12DE /* ns.app */,
				858B843318CA22B800AB12DE /* ns.app */,
			);
			name = Products;
			sourceTree = "<group>";
		};
		858B833018CA111C00AB12DE /* Frameworks */ = {
			isa = PBXGroup;
			children = (
				517DDD8E1B611B7A001C8A19 /* MobileCoreServices.framework */,
				CD13430F1AF8E03800D3B65B /* libNativeScript.a */,
				F9161D941993C01600F9E5FD /* libicucore.dylib */,
				F9161D921993C00B00F9E5FD /* libz.dylib */,
				F9161D901993C00300F9E5FD /* libc++.dylib */,
				858B833118CA111C00AB12DE /* Foundation.framework */,
				858B833518CA111C00AB12DE /* UIKit.framework */,
			);
			name = Frameworks;
			sourceTree = "<group>";
		};
		858B833718CA111C00AB12DE /* ns */ = {
			isa = PBXGroup;
			children = (
				CD45EE7A18DC2D5800FB50C0 /* app */,
				F9B8C6A21ACEDEEB00547416 /* LaunchScreen.xib */,
				858B833818CA111C00AB12DE /* Supporting Files */,
			);
			path = ns;
			sourceTree = "<group>";
		};
		858B833818CA111C00AB12DE /* Supporting Files */ = {
			isa = PBXGroup;
			children = (
				858B833918CA111C00AB12DE /* ns-Info.plist */,
				858B833A18CA111C00AB12DE /* InfoPlist.strings */,
				858B833D18CA111C00AB12DE /* main.m */,
				858B833F18CA111C00AB12DE /* ns-Prefix.pch */,
			);
			name = "Supporting Files";
			sourceTree = "<group>";
		};
		E070579D1B39A9D000214BF1 /* Resources */ = {
			isa = PBXGroup;
			children = (
				4B3A4BE8BA6646B0B2101C9C /* Default-568h@2x.png */,
				46BBD4ECB3174E71BC6E43E1 /* Default-Landscape.png */,
				8B32D64F1C2542C388F94B88 /* Default-Landscape@2x.png */,
				5883C1296706412FB7D8B1BF /* Default-Portrait.png */,
				A2D730666CB14224968ACF2A /* Default-Portrait@2x.png */,
				CC6ECAE4894546B4B7128229 /* Default.png */,
				F54CB32DD26645CA80537D08 /* Default@2x.png */,
				44E1997594A74DDE981ADDD4 /* Icon-Small-50.png */,
				7D150C71B04E49CEB6DDF2F8 /* Icon-Small-50@2x.png */,
				C92E49AC443E46A5A65FFF27 /* Icon-Small.png */,
				3DB5253763EB41B3A2E8E1BB /* Icon-Small@2x.png */,
				BDE5FE5AC5AB4A659CD5EEAA /* icon-40.png */,
				5C41ACC40D33465B853E5685 /* icon-40@2x.png */,
				ED1FAD3603FE45BA886B7638 /* icon-60.png */,
				81549D8EF133483EA2DF48EA /* icon-60@2x.png */,
				E8F15856498F47219C4531F7 /* icon-72.png */,
				1F37096A1BF44B3DB3D7CFE2 /* icon-72@2x.png */,
				8DCED266726346639B400F4D /* icon-76.png */,
				A0983F57A4A541E183B840B3 /* icon-76@2x.png */,
				63D85D5D382547B5B19358D4 /* icon.png */,
				2CED1FB9431549CC963B93A5 /* icon@2x.png */,
			);
			name = Resources;
			sourceTree = "<group>";
		};
/* End PBXGroup section */

/* Begin PBXNativeTarget section */
		858B83EF18CA22B800AB12DE /* ns */ = {
			isa = PBXNativeTarget;
			buildConfigurationList = 858B843018CA22B800AB12DE /* Build configuration list for PBXNativeTarget "ns" */;
			buildPhases = (
				C97FD7AC1ADE5369004DB2A4 /* Generate Metadata */,
				858B83F218CA22B800AB12DE /* Sources */,
				858B83F418CA22B800AB12DE /* Frameworks */,
				858B842C18CA22B800AB12DE /* Resources */,
				85F5BDFC1A9363BE006B9701 /* Embed Frameworks */,
				CD3EAD351B05FF060042DBFC /* Strip Dynamic Framework Architectures */,
			);
			buildRules = (
			);
			dependencies = (
			);
			name = ns;
			productName = JDBridgeApp;
			productReference = 858B843318CA22B800AB12DE /* ns.app */;
			productType = "com.apple.product-type.application";
		};
/* End PBXNativeTarget section */

/* Begin PBXProject section */
		858B832618CA111C00AB12DE /* Project object */ = {
			isa = PBXProject;
			attributes = {
				CLASSPREFIX = TNS;
				LastUpgradeCheck = 500;
				ORGANIZATIONNAME = Telerik;
			};
			buildConfigurationList = 858B832918CA111C00AB12DE /* Build configuration list for PBXProject "ns" */;
			compatibilityVersion = "Xcode 3.2";
			developmentRegion = English;
			hasScannedForEncodings = 0;
			knownRegions = (
				en,
			);
			mainGroup = 858B832518CA111C00AB12DE;
			productRefGroup = 858B832F18CA111C00AB12DE /* Products */;
			projectDirPath = "";
			projectRoot = "";
			targets = (
				858B83EF18CA22B800AB12DE /* ns */,
			);
		};
/* End PBXProject section */

/* Begin PBXResourcesBuildPhase section */
		858B842C18CA22B800AB12DE /* Resources */ = {
			isa = PBXResourcesBuildPhase;
			buildActionMask = 2147483647;
			files = (
				CD45EE7C18DC2D5800FB50C0 /* app in Resources */,
				858B842D18CA22B800AB12DE /* InfoPlist.strings in Resources */,
				EE5D0543E4654856BCD2E5FE /* Default-568h@2x.png in Resources */,
				B63BF45CFDBD4B34928E53E3 /* Default-Landscape.png in Resources */,
				83EAB921DF76449EB23553F4 /* Default-Landscape@2x.png in Resources */,
				B4C7C22126C64B6E9F00D9EC /* Default-Portrait.png in Resources */,
				7C96A297826845B281EBE30E /* Default-Portrait@2x.png in Resources */,
				DC7E50A7130E49FBBECAAAC4 /* Default.png in Resources */,
				BACB2F9B903540658098417B /* Default@2x.png in Resources */,
				213B61C501F34DCB8474498F /* Icon-Small-50.png in Resources */,
				D47DA9FADAF44B83ABDA9B28 /* Icon-Small-50@2x.png in Resources */,
				AEB8C513938D4630AFEE261E /* Icon-Small.png in Resources */,
				F06E3D22074D4A01B2DB414D /* Icon-Small@2x.png in Resources */,
				FC12CCFAFAEA48A3BA89984A /* icon-40.png in Resources */,
				2E1442B652E64C369D1C9DF4 /* icon-40@2x.png in Resources */,
				7EC844EBCD8C4BAFAD893FD3 /* icon-60.png in Resources */,
				0816B00FF91F4F4292244AAA /* icon-60@2x.png in Resources */,
				97B630B116A540DB9949568B /* icon-72.png in Resources */,
				DCC2139D6EEA4AF88C335AD4 /* icon-72@2x.png in Resources */,
				E6C808A163B34C64A1900826 /* icon-76.png in Resources */,
				91BA134EA2C84B368833C1F5 /* icon-76@2x.png in Resources */,
				F71BBB81E2F14260B75C5F9E /* icon.png in Resources */,
				0462068C738544B0AC3D4610 /* icon@2x.png in Resources */,
			);
			runOnlyForDeploymentPostprocessing = 0;
		};
/* End PBXResourcesBuildPhase section */

/* Begin PBXShellScriptBuildPhase section */
		C97FD7AC1ADE5369004DB2A4 /* Generate Metadata */ = {
			isa = PBXShellScriptBuildPhase;
			buildActionMask = 2147483647;
			files = (
			);
			inputPaths = (
			);
			name = "Generate Metadata";
			outputPaths = (
			);
			runOnlyForDeploymentPostprocessing = 0;
			shellPath = /bin/sh;
			shellScript = "cd \"$SRCROOT/metadataGenerator/bin\"\nbash metadata-generation-build-step.sh";
			showEnvVarsInLog = 0;
		};
		CD3EAD351B05FF060042DBFC /* Strip Dynamic Framework Architectures */ = {
			isa = PBXShellScriptBuildPhase;
			buildActionMask = 2147483647;
			files = (
			);
			inputPaths = (
			);
			name = "Strip Dynamic Framework Architectures";
			outputPaths = (
			);
			runOnlyForDeploymentPostprocessing = 0;
			shellPath = /bin/sh;
			shellScript = "# Remove this step when Xcode starts to do this automatically\n\nbash \"$SRCROOT/$PROJECT_NAME/strip-dynamic-framework-architectures.sh\"";
			showEnvVarsInLog = 0;
		};
/* End PBXShellScriptBuildPhase section */

/* Begin PBXSourcesBuildPhase section */
		858B83F218CA22B800AB12DE /* Sources */ = {
			isa = PBXSourcesBuildPhase;
			buildActionMask = 2147483647;
			files = (
				858B83F318CA22B800AB12DE /* main.m in Sources */,
			);
			runOnlyForDeploymentPostprocessing = 0;
		};
/* End PBXSourcesBuildPhase section */

/* Begin PBXVariantGroup section */
		858B833A18CA111C00AB12DE /* InfoPlist.strings */ = {
			isa = PBXVariantGroup;
			children = (
				858B833B18CA111C00AB12DE /* en */,
			);
			name = InfoPlist.strings;
			sourceTree = "<group>";
		};
		F9B8C6A21ACEDEEB00547416 /* LaunchScreen.xib */ = {
			isa = PBXVariantGroup;
			children = (
				F9B8C6A31ACEDEEB00547416 /* en */,
			);
			name = LaunchScreen.xib;
			sourceTree = "<group>";
		};
/* End PBXVariantGroup section */

/* Begin XCBuildConfiguration section */
		858B835818CA111C00AB12DE /* Debug */ = {
			isa = XCBuildConfiguration;
			buildSettings = {
				ALWAYS_SEARCH_USER_PATHS = NO;
				ARCHS = "$(ARCHS_STANDARD)";
				CLANG_CXX_LANGUAGE_STANDARD = "gnu++0x";
				CLANG_CXX_LIBRARY = "libc++";
				CLANG_ENABLE_MODULES = YES;
				CLANG_ENABLE_OBJC_ARC = YES;
				CLANG_WARN_BOOL_CONVERSION = YES;
				CLANG_WARN_CONSTANT_CONVERSION = YES;
				CLANG_WARN_DIRECT_OBJC_ISA_USAGE = YES_ERROR;
				CLANG_WARN_EMPTY_BODY = YES;
				CLANG_WARN_ENUM_CONVERSION = YES;
				CLANG_WARN_INT_CONVERSION = YES;
				CLANG_WARN_OBJC_ROOT_CLASS = YES_ERROR;
				CLANG_WARN__DUPLICATE_METHOD_MATCH = YES;
				"CODE_SIGN_IDENTITY[sdk=iphoneos*]" = "iPhone Developer";
				COPY_PHASE_STRIP = NO;
				GCC_C_LANGUAGE_STANDARD = gnu99;
				GCC_DYNAMIC_NO_PIC = NO;
				GCC_OPTIMIZATION_LEVEL = 0;
				GCC_SYMBOLS_PRIVATE_EXTERN = NO;
				GCC_WARN_64_TO_32_BIT_CONVERSION = YES;
				GCC_WARN_ABOUT_RETURN_TYPE = YES_ERROR;
				GCC_WARN_UNDECLARED_SELECTOR = YES;
				GCC_WARN_UNINITIALIZED_AUTOS = YES;
				GCC_WARN_UNUSED_FUNCTION = YES;
				GCC_WARN_UNUSED_VARIABLE = YES;
				IPHONEOS_DEPLOYMENT_TARGET = 7.0;
				ONLY_ACTIVE_ARCH = YES;
				OTHER_LDFLAGS = "-ObjC";
				SDKROOT = iphoneos;
				TARGETED_DEVICE_FAMILY = "1,2";
				VALID_ARCHS = "armv7 arm64";
			};
			name = Debug;
		};
		858B835918CA111C00AB12DE /* Release */ = {
			isa = XCBuildConfiguration;
			buildSettings = {
				ALWAYS_SEARCH_USER_PATHS = NO;
				ARCHS = "$(ARCHS_STANDARD)";
				CLANG_CXX_LANGUAGE_STANDARD = "gnu++0x";
				CLANG_CXX_LIBRARY = "libc++";
				CLANG_ENABLE_MODULES = YES;
				CLANG_ENABLE_OBJC_ARC = YES;
				CLANG_WARN_BOOL_CONVERSION = YES;
				CLANG_WARN_CONSTANT_CONVERSION = YES;
				CLANG_WARN_DIRECT_OBJC_ISA_USAGE = YES_ERROR;
				CLANG_WARN_EMPTY_BODY = YES;
				CLANG_WARN_ENUM_CONVERSION = YES;
				CLANG_WARN_INT_CONVERSION = YES;
				CLANG_WARN_OBJC_ROOT_CLASS = YES_ERROR;
				CLANG_WARN__DUPLICATE_METHOD_MATCH = YES;
				"CODE_SIGN_IDENTITY[sdk=iphoneos*]" = "iPhone Developer";
				COPY_PHASE_STRIP = YES;
				ENABLE_NS_ASSERTIONS = NO;
				GCC_C_LANGUAGE_STANDARD = gnu99;
				GCC_WARN_64_TO_32_BIT_CONVERSION = YES;
				GCC_WARN_ABOUT_RETURN_TYPE = YES_ERROR;
				GCC_WARN_UNDECLARED_SELECTOR = YES;
				GCC_WARN_UNINITIALIZED_AUTOS = YES;
				GCC_WARN_UNUSED_FUNCTION = YES;
				GCC_WARN_UNUSED_VARIABLE = YES;
				IPHONEOS_DEPLOYMENT_TARGET = 7.0;
				OTHER_LDFLAGS = "-ObjC";
				SDKROOT = iphoneos;
				TARGETED_DEVICE_FAMILY = "1,2";
				VALIDATE_PRODUCT = YES;
				VALID_ARCHS = "armv7 arm64";
			};
			name = Release;
		};
		858B843118CA22B800AB12DE /* Debug */ = {
			isa = XCBuildConfiguration;
			buildSettings = {
				ARCHS = "$(ARCHS_STANDARD)";
				CLANG_ENABLE_MODULES = NO;
				CLANG_MODULES_AUTOLINK = NO;
				ENABLE_BITCODE = NO;
				FRAMEWORK_SEARCH_PATHS = (
					"$(inherited)",
					"\"$(PROJECT_DIR)\"",
					"\"$(PROJECT_DIR)/../../lib/iOS\"",
				);
				GCC_PRECOMPILE_PREFIX_HEADER = YES;
				GCC_PREFIX_HEADER = "ns/ns-Prefix.pch";
				GCC_PREPROCESSOR_DEFINITIONS = (
					"$(inherited)",
					"DEBUG=1",
				);
				HEADER_SEARCH_PATHS = (
					"$(inherited)",
					/Applications/Xcode6.3.app/Contents/Developer/Toolchains/XcodeDefault.xctoolchain/usr/include,
					"$(PROJECT_DIR)/NativeScript/include",
				);
				INFOPLIST_FILE = "$(SRCROOT)/ns/ns-Info.plist";
				LD_RUNPATH_SEARCH_PATHS = "$(inherited) @executable_path/Frameworks";
				LIBRARY_SEARCH_PATHS = (
					"$(inherited)",
					"$(PROJECT_DIR)/NativeScript/lib",
				);
				OTHER_LDFLAGS = (
					"-ObjC",
					"-sectcreate",
					__DATA,
					__TNSMetadata,
					"$(CONFIGURATION_BUILD_DIR)/metadata-$(CURRENT_ARCH).bin",
				);
				PRODUCT_NAME = ns;
				VALID_ARCHS = "armv7 arm64";
				WRAPPER_EXTENSION = app;
			};
			name = Debug;
		};
		858B843218CA22B800AB12DE /* Release */ = {
			isa = XCBuildConfiguration;
			buildSettings = {
				ARCHS = "$(ARCHS_STANDARD)";
				CLANG_ENABLE_MODULES = NO;
				CLANG_MODULES_AUTOLINK = NO;
				ENABLE_BITCODE = NO;
				FRAMEWORK_SEARCH_PATHS = (
					"$(inherited)",
					"\"$(PROJECT_DIR)\"",
					"\"$(PROJECT_DIR)/../../lib/iOS\"",
				);
				GCC_PRECOMPILE_PREFIX_HEADER = YES;
				GCC_PREFIX_HEADER = "ns/ns-Prefix.pch";
				HEADER_SEARCH_PATHS = (
					"$(inherited)",
					/Applications/Xcode6.3.app/Contents/Developer/Toolchains/XcodeDefault.xctoolchain/usr/include,
					"$(PROJECT_DIR)/NativeScript/include",
				);
				INFOPLIST_FILE = "$(SRCROOT)/ns/ns-Info.plist";
				LD_RUNPATH_SEARCH_PATHS = "$(inherited) @executable_path/Frameworks";
				LIBRARY_SEARCH_PATHS = (
					"$(inherited)",
					"$(PROJECT_DIR)/NativeScript/lib",
				);
				OTHER_LDFLAGS = (
					"-ObjC",
					"-sectcreate",
					__DATA,
					__TNSMetadata,
					"$(CONFIGURATION_BUILD_DIR)/metadata-$(CURRENT_ARCH).bin",
				);
				PRODUCT_NAME = ns;
				VALID_ARCHS = "armv7 arm64";
				WRAPPER_EXTENSION = app;
			};
			name = Release;
		};
/* End XCBuildConfiguration section */

/* Begin XCConfigurationList section */
		858B832918CA111C00AB12DE /* Build configuration list for PBXProject "ns" */ = {
			isa = XCConfigurationList;
			buildConfigurations = (
				858B835818CA111C00AB12DE /* Debug */,
				858B835918CA111C00AB12DE /* Release */,
			);
			defaultConfigurationIsVisible = 0;
			defaultConfigurationName = Release;
		};
		858B843018CA22B800AB12DE /* Build configuration list for PBXNativeTarget "ns" */ = {
			isa = XCConfigurationList;
			buildConfigurations = (
				858B843118CA22B800AB12DE /* Debug */,
				858B843218CA22B800AB12DE /* Release */,
			);
			defaultConfigurationIsVisible = 0;
			defaultConfigurationName = Release;
		};
/* End XCConfigurationList section */
	};
	rootObject = 858B832618CA111C00AB12DE /* Project object */;
}
